# @generated - this file is auto-generated by `mise lock` https://mise.en.dev/dev-tools/mise-lock.html

[[tools."aqua:helmfile/vals"]]
version = "v0.44.0"
backend = "aqua:helmfile/vals"

[tools."aqua:helmfile/vals"."platforms.linux-arm64"]
checksum = "sha256:18d55294e92452f61cf6fcf6cca53bb51a66d8b860696666f44635964b3e5e40"
url = "https://github.com/helmfile/vals/releases/download/v0.44.0/vals_0.44.0_linux_arm64.tar.gz"

[tools."aqua:helmfile/vals"."platforms.linux-arm64-musl"]
checksum = "sha256:18d55294e92452f61cf6fcf6cca53bb51a66d8b860696666f44635964b3e5e40"
url = "https://github.com/helmfile/vals/releases/download/v0.44.0/vals_0.44.0_linux_arm64.tar.gz"

[tools."aqua:helmfile/vals"."platforms.linux-x64"]
checksum = "sha256:728e9195fa2170e1e5c7ed7ca0e2e41fe1e910507a812f23fb579c68d6ef3678"
url = "https://github.com/helmfile/vals/releases/download/v0.44.0/vals_0.44.0_linux_amd64.tar.gz"

[tools."aqua:helmfile/vals"."platforms.linux-x64-musl"]
checksum = "sha256:728e9195fa2170e1e5c7ed7ca0e2e41fe1e910507a812f23fb579c68d6ef3678"
url = "https://github.com/helmfile/vals/releases/download/v0.44.0/vals_0.44.0_linux_amd64.tar.gz"

[tools."aqua:helmfile/vals"."platforms.macos-arm64"]
checksum = "sha256:2d9b995d2b6325c7a6a1e124937293eec0dc56fd4a5bab785c69c2e48b52393e"
url = "https://github.com/helmfile/vals/releases/download/v0.44.0/vals_0.44.0_darwin_arm64.tar.gz"

[tools."aqua:helmfile/vals"."platforms.macos-x64"]
checksum = "sha256:4446a3762ae20eb8bab0c5a6691aaaf7c947d900d604f77581fd72bbe9d74cab"
url = "https://github.com/helmfile/vals/releases/download/v0.44.0/vals_0.44.0_darwin_amd64.tar.gz"

[tools."aqua:helmfile/vals"."platforms.windows-x64"]
checksum = "sha256:bf2a0d2f9d7393d58951a355eac845b8e82215cdb423ad16621adf1ecad2d6a0"
url = "https://github.com/helmfile/vals/releases/download/v0.44.0/vals_0.44.0_windows_amd64.tar.gz"

[[tools."github:postfinance/topf"]]
version = "0.4.0-rc.1"
backend = "github:postfinance/topf"

[tools."github:postfinance/topf"."platforms.linux-arm64"]
checksum = "sha256:ebb452aea6bb3cc214cfcbd8cae255c5674adc2ce8f6df72a0f54635ce167074"
url = "https://github.com/postfinance/topf/releases/download/v0.4.0-rc.1/topf_linux_arm64.tar.gz"
url_api = "https://api.github.com/repos/postfinance/topf/releases/assets/430262400"

[tools."github:postfinance/topf"."platforms.linux-arm64-musl"]
checksum = "sha256:ebb452aea6bb3cc214cfcbd8cae255c5674adc2ce8f6df72a0f54635ce167074"
url = "https://github.com/postfinance/topf/releases/download/v0.4.0-rc.1/topf_linux_arm64.tar.gz"
url_api = "https://api.github.com/repos/postfinance/topf/releases/assets/430262400"

[tools."github:postfinance/topf"."platforms.linux-x64"]
checksum = "sha256:d48f1118fd168e18a33ae4a8e0850f7c43a2f2d84d3b4cf2da12e9fdfb1b5359"
url = "https://github.com/postfinance/topf/releases/download/v0.4.0-rc.1/topf_linux_amd64.tar.gz"
url_api = "https://api.github.com/repos/postfinance/topf/releases/assets/430262399"

[tools."github:postfinance/topf"."platforms.linux-x64-musl"]
checksum = "sha256:d48f1118fd168e18a33ae4a8e0850f7c43a2f2d84d3b4cf2da12e9fdfb1b5359"
url = "https://github.com/postfinance/topf/releases/download/v0.4.0-rc.1/topf_linux_amd64.tar.gz"
url_api = "https://api.github.com/repos/postfinance/topf/releases/assets/430262399"

[tools."github:postfinance/topf"."platforms.macos-arm64"]
checksum = "sha256:c0aa724ba475b562a748091f6e624bebf6116654432f1891e16fd53cd3dc2e5f"
url = "https://github.com/postfinance/topf/releases/download/v0.4.0-rc.1/topf_darwin_arm64.tar.gz"
url_api = "https://api.github.com/repos/postfinance/topf/releases/assets/430262395"

[tools."github:postfinance/topf"."platforms.macos-x64"]
checksum = "sha256:e76700e76501d968a8e0d963adc8045e8f9e596864ef32eb6f66af8a35388f60"
url = "https://github.com/postfinance/topf/releases/download/v0.4.0-rc.1/topf_darwin_amd64.tar.gz"
url_api = "https://api.github.com/repos/postfinance/topf/releases/assets/430262396"
