# @generated - this file is auto-generated by `mise lock` https://mise.en.dev/dev-tools/mise-lock.html

[[tools."aqua:helmfile/vals"]]
version = "v0.44.0"
backend = "aqua:helmfile/vals"

[tools."aqua:helmfile/vals"."platforms.linux-arm64"]
checksum = "sha256:18d55294e92452f61cf6fcf6cca53bb51a66d8b860696666f44635964b3e5e40"
url = "https://github.com/helmfile/vals/releases/download/v0.44.0/vals_0.44.0_linux_arm64.tar.gz"

[tools."aqua:helmfile/vals"."platforms.linux-arm64-musl"]
checksum = "sha256:18d55294e92452f61cf6fcf6cca53bb51a66d8b860696666f44635964b3e5e40"
url = "https://github.com/helmfile/vals/releases/download/v0.44.0/vals_0.44.0_linux_arm64.tar.gz"

[tools."aqua:helmfile/vals"."platforms.linux-x64"]
checksum = "sha256:728e9195fa2170e1e5c7ed7ca0e2e41fe1e910507a812f23fb579c68d6ef3678"
url = "https://github.com/helmfile/vals/releases/download/v0.44.0/vals_0.44.0_linux_amd64.tar.gz"

[tools."aqua:helmfile/vals"."platforms.linux-x64-musl"]
checksum = "sha256:728e9195fa2170e1e5c7ed7ca0e2e41fe1e910507a812f23fb579c68d6ef3678"
url = "https://github.com/helmfile/vals/releases/download/v0.44.0/vals_0.44.0_linux_amd64.tar.gz"

[tools."aqua:helmfile/vals"."platforms.macos-arm64"]
checksum = "sha256:2d9b995d2b6325c7a6a1e124937293eec0dc56fd4a5bab785c69c2e48b52393e"
url = "https://github.com/helmfile/vals/releases/download/v0.44.0/vals_0.44.0_darwin_arm64.tar.gz"

[tools."aqua:helmfile/vals"."platforms.macos-x64"]
checksum = "sha256:4446a3762ae20eb8bab0c5a6691aaaf7c947d900d604f77581fd72bbe9d74cab"
url = "https://github.com/helmfile/vals/releases/download/v0.44.0/vals_0.44.0_darwin_amd64.tar.gz"

[tools."aqua:helmfile/vals"."platforms.windows-x64"]
checksum = "sha256:bf2a0d2f9d7393d58951a355eac845b8e82215cdb423ad16621adf1ecad2d6a0"
url = "https://github.com/helmfile/vals/releases/download/v0.44.0/vals_0.44.0_windows_amd64.tar.gz"

[[tools."github:postfinance/topf"]]
version = "0.4.0-rc.0"
backend = "github:postfinance/topf"

[tools."github:postfinance/topf"."platforms.linux-arm64"]
checksum = "sha256:4728bfa5d21c8313b2f7ea883649c94059cb9449d1110437d6a00cf000224aa0"
url = "https://github.com/postfinance/topf/releases/download/v0.4.0-rc.0/topf_linux_arm64.tar.gz"
url_api = "https://api.github.com/repos/postfinance/topf/releases/assets/430025758"

[tools."github:postfinance/topf"."platforms.linux-arm64-musl"]
checksum = "sha256:4728bfa5d21c8313b2f7ea883649c94059cb9449d1110437d6a00cf000224aa0"
url = "https://github.com/postfinance/topf/releases/download/v0.4.0-rc.0/topf_linux_arm64.tar.gz"
url_api = "https://api.github.com/repos/postfinance/topf/releases/assets/430025758"

[tools."github:postfinance/topf"."platforms.linux-x64"]
checksum = "sha256:382755b4f19127a79a539bf40d76229031fbbf0b4d759b1fc89973acf5970bc2"
url = "https://github.com/postfinance/topf/releases/download/v0.4.0-rc.0/topf_linux_amd64.tar.gz"
url_api = "https://api.github.com/repos/postfinance/topf/releases/assets/430025764"

[tools."github:postfinance/topf"."platforms.linux-x64-musl"]
checksum = "sha256:382755b4f19127a79a539bf40d76229031fbbf0b4d759b1fc89973acf5970bc2"
url = "https://github.com/postfinance/topf/releases/download/v0.4.0-rc.0/topf_linux_amd64.tar.gz"
url_api = "https://api.github.com/repos/postfinance/topf/releases/assets/430025764"

[tools."github:postfinance/topf"."platforms.macos-arm64"]
checksum = "sha256:4618f07f45e7418e34f8383545334bf566d118c8fee51d61d15e7cf62917c135"
url = "https://github.com/postfinance/topf/releases/download/v0.4.0-rc.0/topf_darwin_arm64.tar.gz"
url_api = "https://api.github.com/repos/postfinance/topf/releases/assets/430025761"

[tools."github:postfinance/topf"."platforms.macos-x64"]
checksum = "sha256:dc8ea24141887471625008495a151ceab96a86e877ea2bda49469ca709146ef7"
url = "https://github.com/postfinance/topf/releases/download/v0.4.0-rc.0/topf_darwin_amd64.tar.gz"
url_api = "https://api.github.com/repos/postfinance/topf/releases/assets/430025762"
