# @generated - this file is auto-generated by `mise lock` https://mise.jdx.dev/dev-tools/mise-lock.html

[[tools.1password-cli]]
version = "2.35.0"
backend = "vfox:1password-cli"

[tools.1password-cli."platforms.linux-arm64"]
url = "https://cache.agilebits.com/dist/1P/op2/pkg/v2.35.0/op_linux_arm64_v2.35.0.zip"

[tools.1password-cli."platforms.linux-arm64-musl"]
url = "https://cache.agilebits.com/dist/1P/op2/pkg/v2.35.0/op_linux_arm64_v2.35.0.zip"

[tools.1password-cli."platforms.linux-x64"]
url = "https://cache.agilebits.com/dist/1P/op2/pkg/v2.35.0/op_linux_amd64_v2.35.0.zip"

[tools.1password-cli."platforms.linux-x64-musl"]
url = "https://cache.agilebits.com/dist/1P/op2/pkg/v2.35.0/op_linux_amd64_v2.35.0.zip"

[tools.1password-cli."platforms.macos-arm64"]
url = "https://cache.agilebits.com/dist/1P/op2/pkg/v2.35.0/op_darwin_arm64_v2.35.0.zip"

[tools.1password-cli."platforms.macos-x64"]
url = "https://cache.agilebits.com/dist/1P/op2/pkg/v2.35.0/op_darwin_amd64_v2.35.0.zip"

[tools.1password-cli."platforms.windows-x64"]
url = "https://cache.agilebits.com/dist/1P/op2/pkg/v2.35.0/op_windows_amd64_v2.35.0.zip"

[[tools.actionlint]]
version = "1.7.12"
backend = "aqua:rhysd/actionlint"

[tools.actionlint."platforms.linux-arm64"]
checksum = "sha256:325e971b6ba9bfa504672e29be93c24981eeb1c07576d730e9f7c8805afff0c6"
url = "https://github.com/rhysd/actionlint/releases/download/v1.7.12/actionlint_1.7.12_linux_arm64.tar.gz"
url_api = "https://api.github.com/repos/rhysd/actionlint/releases/assets/384924897"
provenance = "github-attestations"

[tools.actionlint."platforms.linux-arm64-musl"]
checksum = "sha256:325e971b6ba9bfa504672e29be93c24981eeb1c07576d730e9f7c8805afff0c6"
url = "https://github.com/rhysd/actionlint/releases/download/v1.7.12/actionlint_1.7.12_linux_arm64.tar.gz"
url_api = "https://api.github.com/repos/rhysd/actionlint/releases/assets/384924897"
provenance = "github-attestations"

[tools.actionlint."platforms.linux-x64"]
checksum = "sha256:8aca8db96f1b94770f1b0d72b6dddcb1ebb8123cb3712530b08cc387b349a3d8"
url = "https://github.com/rhysd/actionlint/releases/download/v1.7.12/actionlint_1.7.12_linux_amd64.tar.gz"
url_api = "https://api.github.com/repos/rhysd/actionlint/releases/assets/384924896"
provenance = "github-attestations"

[tools.actionlint."platforms.linux-x64-musl"]
checksum = "sha256:8aca8db96f1b94770f1b0d72b6dddcb1ebb8123cb3712530b08cc387b349a3d8"
url = "https://github.com/rhysd/actionlint/releases/download/v1.7.12/actionlint_1.7.12_linux_amd64.tar.gz"
url_api = "https://api.github.com/repos/rhysd/actionlint/releases/assets/384924896"
provenance = "github-attestations"

[tools.actionlint."platforms.macos-arm64"]
checksum = "sha256:aba9ced2dee8d27fecca3dc7feb1a7f9a52caefa1eb46f3271ea66b6e0e6953f"
url = "https://github.com/rhysd/actionlint/releases/download/v1.7.12/actionlint_1.7.12_darwin_arm64.tar.gz"
url_api = "https://api.github.com/repos/rhysd/actionlint/releases/assets/384924893"
provenance = "github-attestations"

[tools.actionlint."platforms.macos-x64"]
checksum = "sha256:5b44c3bc2255115c9b69e30efc0fecdf498fdb63c5d58e17084fd5f16324c644"
url = "https://github.com/rhysd/actionlint/releases/download/v1.7.12/actionlint_1.7.12_darwin_amd64.tar.gz"
url_api = "https://api.github.com/repos/rhysd/actionlint/releases/assets/384924880"
provenance = "github-attestations"

[tools.actionlint."platforms.windows-x64"]
checksum = "sha256:6e7241b51e6817ea6a047693d8e6fed13b31819c9a0dd6c5a726e1592d22f6e9"
url = "https://github.com/rhysd/actionlint/releases/download/v1.7.12/actionlint_1.7.12_windows_amd64.zip"
url_api = "https://api.github.com/repos/rhysd/actionlint/releases/assets/384924919"
provenance = "github-attestations"

[[tools."github:mitsuhiko/minijinja"]]
version = "2.21.0"
backend = "github:mitsuhiko/minijinja"

[tools."github:mitsuhiko/minijinja"."platforms.linux-arm64"]
checksum = "sha256:60c7d2aef34c311ce9598c483ab277e6185c555a7497b18bd5ff436eafb0f2f0"
url = "https://github.com/mitsuhiko/minijinja/releases/download/2.21.0/minijinja-cli-aarch64-unknown-linux-gnu.tar.xz"
url_api = "https://api.github.com/repos/mitsuhiko/minijinja/releases/assets/450244904"

[tools."github:mitsuhiko/minijinja"."platforms.linux-arm64-musl"]
checksum = "sha256:2fb95a98cee9650dd8e2124a28303c432e4a08ac7636336faa3d20e7a3f5ffee"
url = "https://github.com/mitsuhiko/minijinja/releases/download/2.21.0/minijinja-cli-aarch64-unknown-linux-musl.tar.xz"
url_api = "https://api.github.com/repos/mitsuhiko/minijinja/releases/assets/450244906"

[tools."github:mitsuhiko/minijinja"."platforms.linux-x64"]
checksum = "sha256:0e75820f2e833aa35af22365fc8fbadc3e65e62fd3af2d074b79a977afe22354"
url = "https://github.com/mitsuhiko/minijinja/releases/download/2.21.0/minijinja-cli-x86_64-unknown-linux-gnu.tar.xz"
url_api = "https://api.github.com/repos/mitsuhiko/minijinja/releases/assets/450244942"

[tools."github:mitsuhiko/minijinja"."platforms.linux-x64-musl"]
checksum = "sha256:d2c91c46739f7e41b8666d877a65881c180f81011890da9229d2a4b1e1991b2f"
url = "https://github.com/mitsuhiko/minijinja/releases/download/2.21.0/minijinja-cli-x86_64-unknown-linux-musl.tar.xz"
url_api = "https://api.github.com/repos/mitsuhiko/minijinja/releases/assets/450244948"

[tools."github:mitsuhiko/minijinja"."platforms.macos-arm64"]
checksum = "sha256:894dd61341cb9e6e2ca305c9d4d9191aed011d58b7bcb189fe881acb10c282a2"
url = "https://github.com/mitsuhiko/minijinja/releases/download/2.21.0/minijinja-cli-aarch64-apple-darwin.tar.xz"
url_api = "https://api.github.com/repos/mitsuhiko/minijinja/releases/assets/450244892"

[tools."github:mitsuhiko/minijinja"."platforms.macos-x64"]
checksum = "sha256:059372d00d5cc02f21a6088ed71b63dac89e433a560e6ccce2f5ad2ad9937233"
url = "https://github.com/mitsuhiko/minijinja/releases/download/2.21.0/minijinja-cli-x86_64-apple-darwin.tar.xz"
url_api = "https://api.github.com/repos/mitsuhiko/minijinja/releases/assets/450244932"

[tools."github:mitsuhiko/minijinja"."platforms.windows-x64"]
checksum = "sha256:ce86a18d883e82b8b46d2480db6a80233e50d1452fab3a513d8e0d396f34014e"
url = "https://github.com/mitsuhiko/minijinja/releases/download/2.21.0/minijinja-cli-x86_64-pc-windows-msvc.zip"
url_api = "https://api.github.com/repos/mitsuhiko/minijinja/releases/assets/450244937"

[[tools.jq]]
version = "1.8.2"
backend = "aqua:jqlang/jq"

[tools.jq."platforms.linux-arm64"]
checksum = "sha256:8b85c817833814ddca00a144c33705546355afccf0cf39b188f3cdb48b852309"
url = "https://github.com/jqlang/jq/releases/download/jq-1.8.2/jq-linux-arm64"
url_api = "https://api.github.com/repos/jqlang/jq/releases/assets/453012756"
provenance = "github-attestations"

[tools.jq."platforms.linux-arm64-musl"]
checksum = "sha256:8b85c817833814ddca00a144c33705546355afccf0cf39b188f3cdb48b852309"
url = "https://github.com/jqlang/jq/releases/download/jq-1.8.2/jq-linux-arm64"
url_api = "https://api.github.com/repos/jqlang/jq/releases/assets/453012756"
provenance = "github-attestations"

[tools.jq."platforms.linux-x64"]
checksum = "sha256:b1c22172dd303f3be49e935aa56aa48a8b7a46e0bc838b4997d3bb451495870f"
url = "https://github.com/jqlang/jq/releases/download/jq-1.8.2/jq-linux-amd64"
url_api = "https://api.github.com/repos/jqlang/jq/releases/assets/453012752"
provenance = "github-attestations"

[tools.jq."platforms.linux-x64-musl"]
checksum = "sha256:b1c22172dd303f3be49e935aa56aa48a8b7a46e0bc838b4997d3bb451495870f"
url = "https://github.com/jqlang/jq/releases/download/jq-1.8.2/jq-linux-amd64"
url_api = "https://api.github.com/repos/jqlang/jq/releases/assets/453012752"
provenance = "github-attestations"

[tools.jq."platforms.macos-arm64"]
checksum = "sha256:2d75340ba57a4b4b4c8708a21c2dc8e958a48aaa8bba13b27f77f6e4c0eca07e"
url = "https://github.com/jqlang/jq/releases/download/jq-1.8.2/jq-macos-arm64"
url_api = "https://api.github.com/repos/jqlang/jq/releases/assets/453012783"
provenance = "github-attestations"

[tools.jq."platforms.macos-x64"]
checksum = "sha256:e94b266e3c26690550006abe63152b782280f4e14374accdf04cbde844f00bc0"
url = "https://github.com/jqlang/jq/releases/download/jq-1.8.2/jq-macos-amd64"
url_api = "https://api.github.com/repos/jqlang/jq/releases/assets/453012782"
provenance = "github-attestations"

[tools.jq."platforms.windows-x64"]
checksum = "sha256:a6fc67fedaf9128a3309a1e2ebb8b986aeccf70122ee46d2cb4849e423f0c627"
url = "https://github.com/jqlang/jq/releases/download/jq-1.8.2/jq-windows-amd64.exe"
url_api = "https://api.github.com/repos/jqlang/jq/releases/assets/453012788"
provenance = "github-attestations"

[[tools.just]]
version = "1.57.0"
backend = "aqua:casey/just"

[tools.just."platforms.linux-arm64"]
checksum = "sha256:f225044a81adea6e0b3a8b9370aaf374e6af76c8735ae263ac993df55fd137ec"
url = "https://github.com/casey/just/releases/download/1.57.0/just-1.57.0-aarch64-unknown-linux-musl.tar.gz"
url_api = "https://api.github.com/repos/casey/just/releases/assets/481976912"

[tools.just."platforms.linux-arm64-musl"]
checksum = "sha256:f225044a81adea6e0b3a8b9370aaf374e6af76c8735ae263ac993df55fd137ec"
url = "https://github.com/casey/just/releases/download/1.57.0/just-1.57.0-aarch64-unknown-linux-musl.tar.gz"
url_api = "https://api.github.com/repos/casey/just/releases/assets/481976912"

[tools.just."platforms.linux-x64"]
checksum = "sha256:45b548094283cb9739af8f13273b8cddeee869f5b4ef2bb631b1f311cb566155"
url = "https://github.com/casey/just/releases/download/1.57.0/just-1.57.0-x86_64-unknown-linux-musl.tar.gz"
url_api = "https://api.github.com/repos/casey/just/releases/assets/481976790"

[tools.just."platforms.linux-x64-musl"]
checksum = "sha256:45b548094283cb9739af8f13273b8cddeee869f5b4ef2bb631b1f311cb566155"
url = "https://github.com/casey/just/releases/download/1.57.0/just-1.57.0-x86_64-unknown-linux-musl.tar.gz"
url_api = "https://api.github.com/repos/casey/just/releases/assets/481976790"

[tools.just."platforms.macos-arm64"]
checksum = "sha256:0381db216c2f97ce31d838a1562c1064dfbfa73f5a8a81581338a2cd9217df47"
url = "https://github.com/casey/just/releases/download/1.57.0/just-1.57.0-aarch64-apple-darwin.tar.gz"
url_api = "https://api.github.com/repos/casey/just/releases/assets/481976803"

[tools.just."platforms.macos-x64"]
checksum = "sha256:5e6ade3698095576274b2b32cc9e5d467185e8e40b04949004c04cc3d7e962dc"
url = "https://github.com/casey/just/releases/download/1.57.0/just-1.57.0-x86_64-apple-darwin.tar.gz"
url_api = "https://api.github.com/repos/casey/just/releases/assets/481976824"

[tools.just."platforms.windows-x64"]
checksum = "sha256:4c7391d17cb1d17b758b52004ee6411372b8a13ff37c3c9b9031625cb6026e09"
url = "https://github.com/casey/just/releases/download/1.57.0/just-1.57.0-x86_64-pc-windows-msvc.zip"
url_api = "https://api.github.com/repos/casey/just/releases/assets/481977734"

[[tools.lefthook]]
version = "2.1.10"
backend = "aqua:evilmartians/lefthook"

[tools.lefthook."platforms.linux-arm64"]
checksum = "sha256:6380a6ad6dd484466fd69bd83f24491d6ec27dc0b84e837be025620f7c4e11e3"
url = "https://github.com/evilmartians/lefthook/releases/download/v2.1.10/lefthook_2.1.10_Linux_aarch64.gz"
url_api = "https://api.github.com/repos/evilmartians/lefthook/releases/assets/470227512"
provenance = "github-attestations"

[tools.lefthook."platforms.linux-arm64-musl"]
checksum = "sha256:6380a6ad6dd484466fd69bd83f24491d6ec27dc0b84e837be025620f7c4e11e3"
url = "https://github.com/evilmartians/lefthook/releases/download/v2.1.10/lefthook_2.1.10_Linux_aarch64.gz"
url_api = "https://api.github.com/repos/evilmartians/lefthook/releases/assets/470227512"
provenance = "github-attestations"

[tools.lefthook."platforms.linux-x64"]
checksum = "sha256:0b14162a0bb2f0c64ae0759f6102f6e19c4d00981666a8ac73d4f5a6878ada4f"
url = "https://github.com/evilmartians/lefthook/releases/download/v2.1.10/lefthook_2.1.10_Linux_x86_64.gz"
url_api = "https://api.github.com/repos/evilmartians/lefthook/releases/assets/470227493"
provenance = "github-attestations"

[tools.lefthook."platforms.linux-x64-musl"]
checksum = "sha256:0b14162a0bb2f0c64ae0759f6102f6e19c4d00981666a8ac73d4f5a6878ada4f"
url = "https://github.com/evilmartians/lefthook/releases/download/v2.1.10/lefthook_2.1.10_Linux_x86_64.gz"
url_api = "https://api.github.com/repos/evilmartians/lefthook/releases/assets/470227493"
provenance = "github-attestations"

[tools.lefthook."platforms.macos-arm64"]
checksum = "sha256:1dd4dc7b4c50efb1f9d9122cd6535c793738d6e59751c228d49f768ec9dbb604"
url = "https://github.com/evilmartians/lefthook/releases/download/v2.1.10/lefthook_2.1.10_MacOS_arm64.gz"
url_api = "https://api.github.com/repos/evilmartians/lefthook/releases/assets/470227499"
provenance = "github-attestations"

[tools.lefthook."platforms.macos-x64"]
checksum = "sha256:49d905f28ca46442cb236060058b252da650b5f7b864bd275b61aa46945e8c4a"
url = "https://github.com/evilmartians/lefthook/releases/download/v2.1.10/lefthook_2.1.10_MacOS_x86_64.gz"
url_api = "https://api.github.com/repos/evilmartians/lefthook/releases/assets/470227495"
provenance = "github-attestations"

[tools.lefthook."platforms.windows-x64"]
checksum = "sha256:beabbce824641ae71229ed11dd8634f47148921cb649d25c90441b737481494a"
url = "https://github.com/evilmartians/lefthook/releases/download/v2.1.10/lefthook_2.1.10_Windows_x86_64.gz"
url_api = "https://api.github.com/repos/evilmartians/lefthook/releases/assets/470227505"
provenance = "github-attestations"

[[tools.node]]
version = "26.5.1"
backend = "core:node"

[tools.node."platforms.linux-arm64"]
checksum = "sha256:21194bbf41c18d9ec277545c4d14cce8597d57a9d9f494c323d8121a25de33e8"
url = "https://nodejs.org/dist/v26.5.1/node-v26.5.1-linux-arm64.tar.gz"

[tools.node."platforms.linux-arm64-musl"]
url = "https://unofficial-builds.nodejs.org/download/release/v26.5.1/node-v26.5.1-linux-arm64-musl.tar.gz"

[tools.node."platforms.linux-x64"]
checksum = "sha256:2b07f09c218d473a26442bff5a90151f53f7b7c0a23bad244eda2c26303a2ba7"
url = "https://nodejs.org/dist/v26.5.1/node-v26.5.1-linux-x64.tar.gz"

[tools.node."platforms.linux-x64-musl"]
url = "https://unofficial-builds.nodejs.org/download/release/v26.5.1/node-v26.5.1-linux-x64-musl.tar.gz"

[tools.node."platforms.macos-arm64"]
checksum = "sha256:f4387df0b46556516d19abf2f2d6806481ac8368aa7f9d96bafed422a56a1d01"
url = "https://nodejs.org/dist/v26.5.1/node-v26.5.1-darwin-arm64.tar.gz"

[tools.node."platforms.macos-x64"]
checksum = "sha256:077d5c936868dab19d21f77f1e71ce13697e80b3e86a399dcab238902a2ebf93"
url = "https://nodejs.org/dist/v26.5.1/node-v26.5.1-darwin-x64.tar.gz"

[tools.node."platforms.windows-x64"]
checksum = "sha256:c432c996b95cbf7568f13a0fbb37526de84a27e3a5c520c3be15f05a9a168212"
url = "https://nodejs.org/dist/v26.5.1/node-v26.5.1-win-x64.zip"

[[tools.oxfmt]]
version = "0.61.0"
backend = "npm:oxfmt"

[[tools.shellcheck]]
version = "0.11.0"
backend = "aqua:koalaman/shellcheck"

[tools.shellcheck."platforms.linux-arm64"]
checksum = "sha256:12b331c1d2db6b9eb13cfca64306b1b157a86eb69db83023e261eaa7e7c14588"
url = "https://github.com/koalaman/shellcheck/releases/download/v0.11.0/shellcheck-v0.11.0.linux.aarch64.tar.xz"
url_api = "https://api.github.com/repos/koalaman/shellcheck/releases/assets/279056934"

[tools.shellcheck."platforms.linux-arm64-musl"]
checksum = "sha256:12b331c1d2db6b9eb13cfca64306b1b157a86eb69db83023e261eaa7e7c14588"
url = "https://github.com/koalaman/shellcheck/releases/download/v0.11.0/shellcheck-v0.11.0.linux.aarch64.tar.xz"
url_api = "https://api.github.com/repos/koalaman/shellcheck/releases/assets/279056934"

[tools.shellcheck."platforms.linux-x64"]
checksum = "sha256:8c3be12b05d5c177a04c29e3c78ce89ac86f1595681cab149b65b97c4e227198"
url = "https://github.com/koalaman/shellcheck/releases/download/v0.11.0/shellcheck-v0.11.0.linux.x86_64.tar.xz"
url_api = "https://api.github.com/repos/koalaman/shellcheck/releases/assets/279056942"

[tools.shellcheck."platforms.linux-x64-musl"]
checksum = "sha256:8c3be12b05d5c177a04c29e3c78ce89ac86f1595681cab149b65b97c4e227198"
url = "https://github.com/koalaman/shellcheck/releases/download/v0.11.0/shellcheck-v0.11.0.linux.x86_64.tar.xz"
url_api = "https://api.github.com/repos/koalaman/shellcheck/releases/assets/279056942"

[tools.shellcheck."platforms.macos-arm64"]
checksum = "sha256:56affdd8de5527894dca6dc3d7e0a99a873b0f004d7aabc30ae407d3f48b0a79"
url = "https://github.com/koalaman/shellcheck/releases/download/v0.11.0/shellcheck-v0.11.0.darwin.aarch64.tar.xz"
url_api = "https://api.github.com/repos/koalaman/shellcheck/releases/assets/279056932"

[tools.shellcheck."platforms.macos-x64"]
checksum = "sha256:3c89db4edcab7cf1c27bff178882e0f6f27f7afdf54e859fa041fca10febe4c6"
url = "https://github.com/koalaman/shellcheck/releases/download/v0.11.0/shellcheck-v0.11.0.darwin.x86_64.tar.xz"
url_api = "https://api.github.com/repos/koalaman/shellcheck/releases/assets/279056930"

[tools.shellcheck."platforms.windows-x64"]
checksum = "sha256:8a4e35ab0b331c85d73567b12f2a444df187f483e5079ceffa6bda1faa2e740e"
url = "https://github.com/koalaman/shellcheck/releases/download/v0.11.0/shellcheck-v0.11.0.zip"
url_api = "https://api.github.com/repos/koalaman/shellcheck/releases/assets/279056944"

[[tools.talos]]
version = "1.14.0-beta.0"
backend = "aqua:siderolabs/talos"

[tools.talos."platforms.linux-arm64"]
checksum = "sha256:5d8d16f0529390a26b3273a2c960cc1ad220be7c3a493e8fa9ed4e179e82884e"
url = "https://github.com/siderolabs/talos/releases/download/v1.14.0-beta.0/talosctl-linux-arm64"
url_api = "https://api.github.com/repos/siderolabs/talos/releases/assets/487409133"
provenance = "cosign"

[tools.talos."platforms.linux-arm64-musl"]
checksum = "sha256:5d8d16f0529390a26b3273a2c960cc1ad220be7c3a493e8fa9ed4e179e82884e"
url = "https://github.com/siderolabs/talos/releases/download/v1.14.0-beta.0/talosctl-linux-arm64"
url_api = "https://api.github.com/repos/siderolabs/talos/releases/assets/487409133"
provenance = "cosign"

[tools.talos."platforms.linux-x64"]
checksum = "sha256:501e5a6aac50ba717ad33d67394a50843fd76be08c45efeaeb37b1b3d1cc57cf"
url = "https://github.com/siderolabs/talos/releases/download/v1.14.0-beta.0/talosctl-linux-amd64"
url_api = "https://api.github.com/repos/siderolabs/talos/releases/assets/487409108"
provenance = "cosign"

[tools.talos."platforms.linux-x64-musl"]
checksum = "sha256:501e5a6aac50ba717ad33d67394a50843fd76be08c45efeaeb37b1b3d1cc57cf"
url = "https://github.com/siderolabs/talos/releases/download/v1.14.0-beta.0/talosctl-linux-amd64"
url_api = "https://api.github.com/repos/siderolabs/talos/releases/assets/487409108"
provenance = "cosign"

[tools.talos."platforms.macos-arm64"]
checksum = "sha256:2b978a04f002f2f2ff9f29b83d97d5d5473f82eb9d97bc3c68476a2ac5808ff2"
url = "https://github.com/siderolabs/talos/releases/download/v1.14.0-beta.0/talosctl-darwin-arm64"
url_api = "https://api.github.com/repos/siderolabs/talos/releases/assets/487409099"
provenance = "cosign"

[tools.talos."platforms.macos-x64"]
checksum = "sha256:ae44a6c725668b98b17194b4eab8bbb6070f10d43ea551e6a67f29edfec28f69"
url = "https://github.com/siderolabs/talos/releases/download/v1.14.0-beta.0/talosctl-darwin-amd64"
url_api = "https://api.github.com/repos/siderolabs/talos/releases/assets/487409126"
provenance = "cosign"

[tools.talos."platforms.windows-x64"]
checksum = "sha256:edf82a3a41588920da5ad26ef6cf663b2f3be3211255b34f5ea99e8a39bdc1bc"
url = "https://github.com/siderolabs/talos/releases/download/v1.14.0-beta.0/talosctl-windows-amd64.exe"
url_api = "https://api.github.com/repos/siderolabs/talos/releases/assets/487409107"
provenance = "cosign"

[[tools.yq]]
version = "4.53.3"
backend = "aqua:mikefarah/yq"

[tools.yq."platforms.linux-arm64"]
checksum = "sha256:578648e463a11c1b6db6010cbf41eafed6bee79466fcffa1bb446672cf7945ea"
url = "https://github.com/mikefarah/yq/releases/download/v4.53.3/yq_linux_arm64"
url_api = "https://api.github.com/repos/mikefarah/yq/releases/assets/440146727"
provenance = "cosign"

[tools.yq."platforms.linux-arm64-musl"]
checksum = "sha256:578648e463a11c1b6db6010cbf41eafed6bee79466fcffa1bb446672cf7945ea"
url = "https://github.com/mikefarah/yq/releases/download/v4.53.3/yq_linux_arm64"
url_api = "https://api.github.com/repos/mikefarah/yq/releases/assets/440146727"
provenance = "cosign"

[tools.yq."platforms.linux-x64"]
checksum = "sha256:fa52a4e758c63d38299163fbdd1edfb4c4963247918bf9c1c5d31d84789eded4"
url = "https://github.com/mikefarah/yq/releases/download/v4.53.3/yq_linux_amd64"
url_api = "https://api.github.com/repos/mikefarah/yq/releases/assets/440146735"
provenance = "cosign"

[tools.yq."platforms.linux-x64-musl"]
checksum = "sha256:fa52a4e758c63d38299163fbdd1edfb4c4963247918bf9c1c5d31d84789eded4"
url = "https://github.com/mikefarah/yq/releases/download/v4.53.3/yq_linux_amd64"
url_api = "https://api.github.com/repos/mikefarah/yq/releases/assets/440146735"
provenance = "cosign"

[tools.yq."platforms.macos-arm64"]
checksum = "sha256:877de31753a4dd2401aa048937aa9a7fc4d5f6ce858cf31508c5802954297213"
url = "https://github.com/mikefarah/yq/releases/download/v4.53.3/yq_darwin_arm64"
url_api = "https://api.github.com/repos/mikefarah/yq/releases/assets/440146762"
provenance = "cosign"

[tools.yq."platforms.macos-x64"]
checksum = "sha256:b4ba1ecce3c47f00803f4f964de38394326c7a32eb6540616e04fb2935a0f08d"
url = "https://github.com/mikefarah/yq/releases/download/v4.53.3/yq_darwin_amd64"
url_api = "https://api.github.com/repos/mikefarah/yq/releases/assets/440146744"
provenance = "cosign"

[tools.yq."platforms.windows-x64"]
checksum = "sha256:e279bc506a452eeafcdf364f91a025455e402a8001169083caf01f4b64a544e2"
url = "https://github.com/mikefarah/yq/releases/download/v4.53.3/yq_windows_amd64.exe"
url_api = "https://api.github.com/repos/mikefarah/yq/releases/assets/440146721"
provenance = "cosign"

[[tools.zizmor]]
version = "1.28.0"
backend = "aqua:zizmorcore/zizmor"

[tools.zizmor."platforms.linux-arm64"]
checksum = "sha256:324e43770cfacf4216f8aefb287263b5b5c733c85b03bf7583b5cc4a0460239e"
url = "https://github.com/zizmorcore/zizmor/releases/download/v1.28.0/zizmor-aarch64-unknown-linux-gnu.tar.gz"
url_api = "https://api.github.com/repos/zizmorcore/zizmor/releases/assets/485211654"
provenance = "github-attestations"

[tools.zizmor."platforms.linux-arm64-musl"]
provenance = "github-attestations"

[tools.zizmor."platforms.linux-x64"]
checksum = "sha256:e87b67160194884e375a46a12c57ccc904f762b53845f254fab7f17d98809c09"
url = "https://github.com/zizmorcore/zizmor/releases/download/v1.28.0/zizmor-x86_64-unknown-linux-gnu.tar.gz"
url_api = "https://api.github.com/repos/zizmorcore/zizmor/releases/assets/485211657"
provenance = "github-attestations"

[tools.zizmor."platforms.linux-x64-musl"]
provenance = "github-attestations"

[tools.zizmor."platforms.macos-arm64"]
checksum = "sha256:54949bbd6b4c8527046bb8990bac9e0dab3eec787640f4e6199ae121dd1040be"
url = "https://github.com/zizmorcore/zizmor/releases/download/v1.28.0/zizmor-aarch64-apple-darwin.tar.gz"
url_api = "https://api.github.com/repos/zizmorcore/zizmor/releases/assets/485211655"
provenance = "github-attestations"

[tools.zizmor."platforms.macos-x64"]
checksum = "sha256:40a58d8560d65c71357b3977d0da425773bf8f10bf1ffd38099d963d3afdf3aa"
url = "https://github.com/zizmorcore/zizmor/releases/download/v1.28.0/zizmor-x86_64-apple-darwin.tar.gz"
url_api = "https://api.github.com/repos/zizmorcore/zizmor/releases/assets/485211652"
provenance = "github-attestations"

[tools.zizmor."platforms.windows-x64"]
checksum = "sha256:06e5b2345323201ed4c55897651862fee3b43f79ddced799f1236f0f0d1c1c0f"
url = "https://github.com/zizmorcore/zizmor/releases/download/v1.28.0/zizmor-x86_64-pc-windows-msvc.zip"
url_api = "https://api.github.com/repos/zizmorcore/zizmor/releases/assets/485211651"
provenance = "github-attestations"
